<?xml version="1.0" encoding="utf-8"?>
<Project ToolsVersion="4.0" xmlns="http://schemas.microsoft.com/developer/msbuild/2003">
  <ItemGroup>
    <ClCompile Include="main.cpp" />
    <ClCompile Include="SFMLApplicationBase\SFMLApplicationBase.cpp">
      <Filter>SFMLApplicationBase</Filter>
    </ClCompile>
    <ClCompile Include="BeatMakerApp.cpp" />
    <ClCompile Include="BeatBox.cpp" />
    <ClCompile Include="BeatBoxInterface.cpp" />
    <ClCompile Include="BeatBoxMatrix.cpp" />
  </ItemGroup>
  <ItemGroup>
    <Filter Include="SFMLApplicationBase">
      <UniqueIdentifier>{d35a7c1c-639b-48ec-a864-782e06af06cc}</UniqueIdentifier>
    </Filter>
  </ItemGroup>
  <ItemGroup>
    <ClInclude Include="SFMLApplicationBase\SFMLApplicationBase.h">
      <Filter>SFMLApplicationBase</Filter>
    </ClInclude>
    <ClInclude Include="BeatMakerApp.h" />
    <ClInclude Include="BeatBox.h" />
    <ClInclude Include="BeatBoxInterface.h" />
    <ClInclude Include="BeatBoxMatrix.h" />
  </ItemGroup>
</Project>